
Microsoft Visual Studio Solution File, Format Version 12.00
# Visual Studio Version 17
VisualStudioVersion = 17.0.32126.317
MinimumVisualStudioVersion = 10.0.40219.1
Project("{FAE04EC0-301F-11D3-BF4B-00C04F79EFBC}") = "BlazorApp5", "BlazorApp5.csproj", "{A6E122FC-5C03-4B87-9D6B-843ABAFC0659}"
EndProject
Global
	GlobalSection(SolutionConfigurationPlatforms) = preSolution
		Debug|Any CPU = Debug|Any CPU
		Release|Any CPU = Release|Any CPU
	EndGlobalSection
	GlobalSection(ProjectConfigurationPlatforms) = postSolution
		{A6E122FC-5C03-4B87-9D6B-843ABAFC0659}.Debug|Any CPU.ActiveCfg = Debug|Any CPU
		{A6E122FC-5C03-4B87-9D6B-843ABAFC0659}.Debug|Any CPU.Build.0 = Debug|Any CPU
		{A6E122FC-5C03-4B87-9D6B-843ABAFC0659}.Release|Any CPU.ActiveCfg = Release|Any CPU
		{A6E122FC-5C03-4B87-9D6B-843ABAFC0659}.Release|Any CPU.Build.0 = Release|Any CPU
	EndGlobalSection
	GlobalSection(SolutionProperties) = preSolution
		HideSolutionNode = FALSE
	EndGlobalSection
	GlobalSection(ExtensibilityGlobals) = postSolution
		SolutionGuid = {F0F87B18-A1CA-4E94-B4D5-E6A6F5DE912F}
	EndGlobalSection
EndGlobal
